
Microsoft Visual Studio Solution File, Format Version 12.00
# Visual Studio Version 17
VisualStudioVersion = 17.7.34202.233
MinimumVisualStudioVersion = 10.0.40219.1
Project("{9A19103F-16F7-4668-BE54-9A1E7A4F7556}") = "AllyRemapper", "AllyRemapper\AllyRemapper.csproj", "{489FDF9F-E059-4C7E-B613-C4834D1B33FF}"
EndProject
Project("{9A19103F-16F7-4668-BE54-9A1E7A4F7556}") = "Ally.HID", "Ally.HID\Ally.HID.csproj", "{E6A71C82-92DE-46F3-BCA7-9D9AA7A1721B}"
EndProject
Project("{9A19103F-16F7-4668-BE54-9A1E7A4F7556}") = "Ally.ACPI", "Ally.ACPI\Ally.ACPI.csproj", "{47B02969-F20D-429E-8138-40FA46D1B8B4}"
EndProject
Project("{2150E333-8FDC-42A3-9474-1A3956D46DE8}") = "Solution Items", "Solution Items", "{9AE87321-03AE-48C1-9726-4A6A8E8FFF04}"
	ProjectSection(SolutionItems) = preProject
		README.md = README.md
	EndProjectSection
EndProject
Project("{FAE04EC0-301F-11D3-BF4B-00C04F79EFBC}") = "Ally.RyzenMaster", "Ally.RyzenMaster\Ally.RyzenMaster.csproj", "{55ABE9F6-BD6C-48E1-B728-77A67C568780}"
EndProject
Global
	GlobalSection(SolutionConfigurationPlatforms) = preSolution
		Debug|Any CPU = Debug|Any CPU
		Debug|x64 = Debug|x64
		Debug|x86 = Debug|x86
		Release|Any CPU = Release|Any CPU
		Release|x64 = Release|x64
		Release|x86 = Release|x86
	EndGlobalSection
	GlobalSection(ProjectConfigurationPlatforms) = postSolution
		{489FDF9F-E059-4C7E-B613-C4834D1B33FF}.Debug|Any CPU.ActiveCfg = Debug|Any CPU
		{489FDF9F-E059-4C7E-B613-C4834D1B33FF}.Debug|Any CPU.Build.0 = Debug|Any CPU
		{489FDF9F-E059-4C7E-B613-C4834D1B33FF}.Debug|x64.ActiveCfg = Debug|Any CPU
		{489FDF9F-E059-4C7E-B613-C4834D1B33FF}.Debug|x64.Build.0 = Debug|Any CPU
		{489FDF9F-E059-4C7E-B613-C4834D1B33FF}.Debug|x86.ActiveCfg = Debug|Any CPU
		{489FDF9F-E059-4C7E-B613-C4834D1B33FF}.Debug|x86.Build.0 = Debug|Any CPU
		{489FDF9F-E059-4C7E-B613-C4834D1B33FF}.Release|Any CPU.ActiveCfg = Release|Any CPU
		{489FDF9F-E059-4C7E-B613-C4834D1B33FF}.Release|Any CPU.Build.0 = Release|Any CPU
		{489FDF9F-E059-4C7E-B613-C4834D1B33FF}.Release|x64.ActiveCfg = Release|Any CPU
		{489FDF9F-E059-4C7E-B613-C4834D1B33FF}.Release|x64.Build.0 = Release|Any CPU
		{489FDF9F-E059-4C7E-B613-C4834D1B33FF}.Release|x86.ActiveCfg = Release|Any CPU
		{489FDF9F-E059-4C7E-B613-C4834D1B33FF}.Release|x86.Build.0 = Release|Any CPU
		{E6A71C82-92DE-46F3-BCA7-9D9AA7A1721B}.Debug|Any CPU.ActiveCfg = Debug|Any CPU
		{E6A71C82-92DE-46F3-BCA7-9D9AA7A1721B}.Debug|Any CPU.Build.0 = Debug|Any CPU
		{E6A71C82-92DE-46F3-BCA7-9D9AA7A1721B}.Debug|x64.ActiveCfg = Debug|Any CPU
		{E6A71C82-92DE-46F3-BCA7-9D9AA7A1721B}.Debug|x64.Build.0 = Debug|Any CPU
		{E6A71C82-92DE-46F3-BCA7-9D9AA7A1721B}.Debug|x86.ActiveCfg = Debug|Any CPU
		{E6A71C82-92DE-46F3-BCA7-9D9AA7A1721B}.Debug|x86.Build.0 = Debug|Any CPU
		{E6A71C82-92DE-46F3-BCA7-9D9AA7A1721B}.Release|Any CPU.ActiveCfg = Release|Any CPU
		{E6A71C82-92DE-46F3-BCA7-9D9AA7A1721B}.Release|Any CPU.Build.0 = Release|Any CPU
		{E6A71C82-92DE-46F3-BCA7-9D9AA7A1721B}.Release|x64.ActiveCfg = Release|Any CPU
		{E6A71C82-92DE-46F3-BCA7-9D9AA7A1721B}.Release|x64.Build.0 = Release|Any CPU
		{E6A71C82-92DE-46F3-BCA7-9D9AA7A1721B}.Release|x86.ActiveCfg = Release|Any CPU
		{E6A71C82-92DE-46F3-BCA7-9D9AA7A1721B}.Release|x86.Build.0 = Release|Any CPU
		{47B02969-F20D-429E-8138-40FA46D1B8B4}.Debug|Any CPU.ActiveCfg = Debug|Any CPU
		{47B02969-F20D-429E-8138-40FA46D1B8B4}.Debug|Any CPU.Build.0 = Debug|Any CPU
		{47B02969-F20D-429E-8138-40FA46D1B8B4}.Debug|x64.ActiveCfg = Debug|Any CPU
		{47B02969-F20D-429E-8138-40FA46D1B8B4}.Debug|x64.Build.0 = Debug|Any CPU
		{47B02969-F20D-429E-8138-40FA46D1B8B4}.Debug|x86.ActiveCfg = Debug|Any CPU
		{47B02969-F20D-429E-8138-40FA46D1B8B4}.Debug|x86.Build.0 = Debug|Any CPU
		{47B02969-F20D-429E-8138-40FA46D1B8B4}.Release|Any CPU.ActiveCfg = Release|Any CPU
		{47B02969-F20D-429E-8138-40FA46D1B8B4}.Release|Any CPU.Build.0 = Release|Any CPU
		{47B02969-F20D-429E-8138-40FA46D1B8B4}.Release|x64.ActiveCfg = Release|Any CPU
		{47B02969-F20D-429E-8138-40FA46D1B8B4}.Release|x64.Build.0 = Release|Any CPU
		{47B02969-F20D-429E-8138-40FA46D1B8B4}.Release|x86.ActiveCfg = Release|Any CPU
		{47B02969-F20D-429E-8138-40FA46D1B8B4}.Release|x86.Build.0 = Release|Any CPU
		{55ABE9F6-BD6C-48E1-B728-77A67C568780}.Debug|Any CPU.ActiveCfg = Debug|Any CPU
		{55ABE9F6-BD6C-48E1-B728-77A67C568780}.Debug|Any CPU.Build.0 = Debug|Any CPU
		{55ABE9F6-BD6C-48E1-B728-77A67C568780}.Debug|x64.ActiveCfg = Debug|Any CPU
		{55ABE9F6-BD6C-48E1-B728-77A67C568780}.Debug|x64.Build.0 = Debug|Any CPU
		{55ABE9F6-BD6C-48E1-B728-77A67C568780}.Debug|x86.ActiveCfg = Debug|Any CPU
		{55ABE9F6-BD6C-48E1-B728-77A67C568780}.Debug|x86.Build.0 = Debug|Any CPU
		{55ABE9F6-BD6C-48E1-B728-77A67C568780}.Release|Any CPU.ActiveCfg = Release|Any CPU
		{55ABE9F6-BD6C-48E1-B728-77A67C568780}.Release|Any CPU.Build.0 = Release|Any CPU
		{55ABE9F6-BD6C-48E1-B728-77A67C568780}.Release|x64.ActiveCfg = Release|Any CPU
		{55ABE9F6-BD6C-48E1-B728-77A67C568780}.Release|x64.Build.0 = Release|Any CPU
		{55ABE9F6-BD6C-48E1-B728-77A67C568780}.Release|x86.ActiveCfg = Release|Any CPU
		{55ABE9F6-BD6C-48E1-B728-77A67C568780}.Release|x86.Build.0 = Release|Any CPU
	EndGlobalSection
	GlobalSection(SolutionProperties) = preSolution
		HideSolutionNode = FALSE
	EndGlobalSection
	GlobalSection(ExtensibilityGlobals) = postSolution
		SolutionGuid = {9ADD4E8B-49AB-400D-96B0-411CE5BD48CB}
	EndGlobalSection
EndGlobal
